// !$*UTF8*$!
{
	archiveVersion = 1;
	classes = {
	};
	objectVersion = 50;
	objects = {

/* Begin PBXBuildFile section */
		E167586521880301005DDDD6 /* AppDelegate.swift in Sources */ = {isa = PBXBuildFile; fileRef = E167586421880301005DDDD6 /* AppDelegate.swift */; };
		E167586721880301005DDDD6 /* ViewController.swift in Sources */ = {isa = PBXBuildFile; fileRef = E167586621880301005DDDD6 /* ViewController.swift */; };
		E167586A21880301005DDDD6 /* Main.storyboard in Resources */ = {isa = PBXBuildFile; fileRef = E167586821880301005DDDD6 /* Main.storyboard */; };
		E167586C21880302005DDDD6 /* Assets.xcassets in Resources */ = {isa = PBXBuildFile; fileRef = E167586B21880302005DDDD6 /* Assets.xcassets */; };
		E167586F21880303005DDDD6 /* LaunchScreen.storyboard in Resources */ = {isa = PBXBuildFile; fileRef = E167586D21880303005DDDD6 /* LaunchScreen.storyboard */; };
		E167587721886AF9005DDDD6 /* ViewController1.swift in Sources */ = {isa = PBXBuildFile; fileRef = E167587621886AF9005DDDD6 /* ViewController1.swift */; };
		E1D27101218AA6D200BD24E7 /* ViewController2.swift in Sources */ = {isa = PBXBuildFile; fileRef = E1D27100218AA6D200BD24E7 /* ViewController2.swift */; };
		E1E27E58219418F60089D1C0 /* ViewController3.swift in Sources */ = {isa = PBXBuildFile; fileRef = E1E27E57219418F60089D1C0 /* ViewController3.swift */; };
/* End PBXBuildFile section */

/* Begin PBXFileReference section */
		E167586121880301005DDDD6 /* SwiftUp.app */ = {isa = PBXFileReference; explicitFileType = wrapper.application; includeInIndex = 0; path = SwiftUp.app; sourceTree = BUILT_PRODUCTS_DIR; };
		E167586421880301005DDDD6 /* AppDelegate.swift */ = {isa = PBXFileReference; lastKnownFileType = sourcecode.swift; path = AppDelegate.swift; sourceTree = "<group>"; };
		E167586621880301005DDDD6 /* ViewController.swift */ = {isa = PBXFileReference; lastKnownFileType = sourcecode.swift; path = ViewController.swift; sourceTree = "<group>"; };
		E167586921880301005DDDD6 /* Base */ = {isa = PBXFileReference; lastKnownFileType = file.storyboard; name = Base; path = Base.lproj/Main.storyboard; sourceTree = "<group>"; };
		E167586B21880302005DDDD6 /* Assets.xcassets */ = {isa = PBXFileReference; lastKnownFileType = folder.assetcatalog; path = Assets.xcassets; sourceTree = "<group>"; };
		E167586E21880303005DDDD6 /* Base */ = {isa = PBXFileReference; lastKnownFileType = file.storyboard; name = Base; path = Base.lproj/LaunchScreen.storyboard; sourceTree = "<group>"; };
		E167587021880303005DDDD6 /* Info.plist */ = {isa = PBXFileReference; lastKnownFileType = text.plist.xml; path = Info.plist; sourceTree = "<group>"; };
		E167587621886AF9005DDDD6 /* ViewController1.swift */ = {isa = PBXFileReference; lastKnownFileType = sourcecode.swift; path = ViewController1.swift; sourceTree = "<group>"; };
		E1D27100218AA6D200BD24E7 /* ViewController2.swift */ = {isa = PBXFileReference; lastKnownFileType = sourcecode.swift; path = ViewController2.swift; sourceTree = "<group>"; };
		E1E27E57219418F60089D1C0 /* ViewController3.swift */ = {isa = PBXFileReference; lastKnownFileType = sourcecode.swift; path = ViewController3.swift; sourceTree = "<group>"; };
/* End PBXFileReference section */

/* Begin PBXFrameworksBuildPhase section */
		E167585E21880301005DDDD6 /* Frameworks */ = {
			isa = PBXFrameworksBuildPhase;
			buildActionMask = 2147483647;
			files = (
			);
			runOnlyForDeploymentPostprocessing = 0;
		};
/* End PBXFrameworksBuildPhase section */

/* Begin PBXGroup section */
		E167585821880301005DDDD6 = {
			isa = PBXGroup;
			children = (
				E167586321880301005DDDD6 /* SwiftUp */,
				E167586221880301005DDDD6 /* Products */,
			);
			sourceTree = "<group>";
		};
		E167586221880301005DDDD6 /* Products */ = {
			isa = PBXGroup;
			children = (
				E167586121880301005DDDD6 /* SwiftUp.app */,
			);
			name = Products;
			sourceTree = "<group>";
		};
		E167586321880301005DDDD6 /* SwiftUp */ = {
			isa = PBXGroup;
			children = (
				E167586421880301005DDDD6 /* AppDelegate.swift */,
				E167586621880301005DDDD6 /* ViewController.swift */,
				E167587621886AF9005DDDD6 /* ViewController1.swift */,
				E1D27100218AA6D200BD24E7 /* ViewController2.swift */,
				E1E27E57219418F60089D1C0 /* ViewController3.swift */,
				E167586821880301005DDDD6 /* Main.storyboard */,
				E167586B21880302005DDDD6 /* Assets.xcassets */,
				E167586D21880303005DDDD6 /* LaunchScreen.storyboard */,
				E167587021880303005DDDD6 /* Info.plist */,
			);
			path = SwiftUp;
			sourceTree = "<group>";
		};
/* End PBXGroup section */

/* Begin PBXNativeTarget section */
		E167586021880301005DDDD6 /* SwiftUp */ = {
			isa = PBXNativeTarget;
			buildConfigurationList = E167587321880303005DDDD6 /* Build configuration list for PBXNativeTarget "SwiftUp" */;
			buildPhases = (
				E167585D21880301005DDDD6 /* Sources */,
				E167585E21880301005DDDD6 /* Frameworks */,
				E167585F21880301005DDDD6 /* Resources */,
			);
			buildRules = (
			);
			dependencies = (
			);
			name = SwiftUp;
			productName = SwiftUp;
			productReference = E167586121880301005DDDD6 /* SwiftUp.app */;
			productType = "com.apple.product-type.application";
		};
/* End PBXNativeTarget section */

/* Begin PBXProject section */
		E167585921880301005DDDD6 /* Project object */ = {
			isa = PBXProject;
			attributes = {
				LastSwiftUpdateCheck = 1000;
				LastUpgradeCheck = 1000;
				ORGANIZATIONNAME = mahp;
				TargetAttributes = {
					E167586021880301005DDDD6 = {
						CreatedOnToolsVersion = 10.0;
					};
				};
			};
			buildConfigurationList = E167585C21880301005DDDD6 /* Build configuration list for PBXProject "SwiftUp" */;
			compatibilityVersion = "Xcode 9.3";
			developmentRegion = en;
			hasScannedForEncodings = 0;
			knownRegions = (
				en,
				Base,
			);
			mainGroup = E167585821880301005DDDD6;
			productRefGroup = E167586221880301005DDDD6 /* Products */;
			projectDirPath = "";
			projectRoot = "";
			targets = (
				E167586021880301005DDDD6 /* SwiftUp */,
			);
		};
/* End PBXProject section */

/* Begin PBXResourcesBuildPhase section */
		E167585F21880301005DDDD6 /* Resources */ = {
			isa = PBXResourcesBuildPhase;
			buildActionMask = 2147483647;
			files = (
				E167586F21880303005DDDD6 /* LaunchScreen.storyboard in Resources */,
				E167586C21880302005DDDD6 /* Assets.xcassets in Resources */,
				E167586A21880301005DDDD6 /* Main.storyboard in Resources */,
			);
			runOnlyForDeploymentPostprocessing = 0;
		};
/* End PBXResourcesBuildPhase section */

/* Begin PBXSourcesBuildPhase section */
		E167585D21880301005DDDD6 /* Sources */ = {
			isa = PBXSourcesBuildPhase;
			buildActionMask = 2147483647;
			files = (
				E1E27E58219418F60089D1C0 /* ViewController3.swift in Sources */,
				E167587721886AF9005DDDD6 /* ViewController1.swift in Sources */,
				E1D27101218AA6D200BD24E7 /* ViewController2.swift in Sources */,
				E167586721880301005DDDD6 /* ViewController.swift in Sources */,
				E167586521880301005DDDD6 /* AppDelegate.swift in Sources */,
			);
			runOnlyForDeploymentPostprocessing = 0;
		};
/* End PBXSourcesBuildPhase section */

/* Begin PBXVariantGroup section */
		E167586821880301005DDDD6 /* Main.storyboard */ = {
			isa = PBXVariantGroup;
			children = (
				E167586921880301005DDDD6 /* Base */,
			);
			name = Main.storyboard;
			sourceTree = "<group>";
		};
		E167586D21880303005DDDD6 /* LaunchScreen.storyboard */ = {
			isa = PBXVariantGroup;
			children = (
				E167586E21880303005DDDD6 /* Base */,
			);
			name = LaunchScreen.storyboard;
			sourceTree = "<group>";
		};
/* End PBXVariantGroup section */

/* Begin XCBuildConfiguration section */
		E167587121880303005DDDD6 /* Debug */ = {
			isa = XCBuildConfiguration;
			buildSettings = {
				ALWAYS_SEARCH_USER_PATHS = NO;
				CLANG_ANALYZER_NONNULL = YES;
				CLANG_ANALYZER_NUMBER_OBJECT_CONVERSION = YES_AGGRESSIVE;
				CLANG_CXX_LANGUAGE_STANDARD = "gnu++14";
				CLANG_CXX_LIBRARY = "libc++";
				CLANG_ENABLE_MODULES = YES;
				CLANG_ENABLE_OBJC_ARC = YES;
				CLANG_ENABLE_OBJC_WEAK = YES;
				CLANG_WARN_BLOCK_CAPTURE_AUTORELEASING = YES;
				CLANG_WARN_BOOL_CONVERSION = YES;
				CLANG_WARN_COMMA = YES;
				CLANG_WARN_CONSTANT_CONVERSION = YES;
				CLANG_WARN_DEPRECATED_OBJC_IMPLEMENTATIONS = YES;
				CLANG_WARN_DIRECT_OBJC_ISA_USAGE = YES_ERROR;
				CLANG_WARN_DOCUMENTATION_COMMENTS = YES;
				CLANG_WARN_EMPTY_BODY = YES;
				CLANG_WARN_ENUM_CONVERSION = YES;
				CLANG_WARN_INFINITE_RECURSION = YES;
				CLANG_WARN_INT_CONVERSION = YES;
				CLANG_WARN_NON_LITERAL_NULL_CONVERSION = YES;
				CLANG_WARN_OBJC_IMPLICIT_RETAIN_SELF = YES;
				CLANG_WARN_OBJC_LITERAL_CONVERSION = YES;
				CLANG_WARN_OBJC_ROOT_CLASS = YES_ERROR;
				CLANG_WARN_RANGE_LOOP_ANALYSIS = YES;
				CLANG_WARN_STRICT_PROTOTYPES = YES;
				CLANG_WARN_SUSPICIOUS_MOVE = YES;
				CLANG_WARN_UNGUARDED_AVAILABILITY = YES_AGGRESSIVE;
				CLANG_WARN_UNREACHABLE_CODE = YES;
				CLANG_WARN__DUPLICATE_METHOD_MATCH = YES;
				CODE_SIGN_IDENTITY = "iPhone Developer";
				COPY_PHASE_STRIP = NO;
				DEBUG_INFORMATION_FORMAT = dwarf;
				ENABLE_STRICT_OBJC_MSGSEND = YES;
				ENABLE_TESTABILITY = YES;
				GCC_C_LANGUAGE_STANDARD = gnu11;
				GCC_DYNAMIC_NO_PIC = NO;
				GCC_NO_COMMON_BLOCKS = YES;
				GCC_OPTIMIZATION_LEVEL = 0;
				GCC_PREPROCESSOR_DEFINITIONS = (
					"DEBUG=1",
					"$(inherited)",
				);
				GCC_WARN_64_TO_32_BIT_CONVERSION = YES;
				GCC_WARN_ABOUT_RETURN_TYPE = YES_ERROR;
				GCC_WARN_UNDECLARED_SELECTOR = YES;
				GCC_WARN_UNINITIALIZED_AUTOS = YES_AGGRESSIVE;
				GCC_WARN_UNUSED_FUNCTION = YES;
				GCC_WARN_UNUSED_VARIABLE = YES;
				IPHONEOS_DEPLOYMENT_TARGET = 12.0;
				MTL_ENABLE_DEBUG_INFO = INCLUDE_SOURCE;
				MTL_FAST_MATH = YES;
				ONLY_ACTIVE_ARCH = YES;
				SDKROOT = iphoneos;
				SWIFT_ACTIVE_COMPILATION_CONDITIONS = DEBUG;
				SWIFT_OPTIMIZATION_LEVEL = "-Onone";
			};
			name = Debug;
		};
		E167587221880303005DDDD6 /* Release */ = {
			isa = XCBuildConfiguration;
			buildSettings = {
				ALWAYS_SEARCH_USER_PATHS = NO;
				CLANG_ANALYZER_NONNULL = YES;
				CLANG_ANALYZER_NUMBER_OBJECT_CONVERSION = YES_AGGRESSIVE;
				CLANG_CXX_LANGUAGE_STANDARD = "gnu++14";
				CLANG_CXX_LIBRARY = "libc++";
				CLANG_ENABLE_MODULES = YES;
				CLANG_ENABLE_OBJC_ARC = YES;
				CLANG_ENABLE_OBJC_WEAK = YES;
				CLANG_WARN_BLOCK_CAPTURE_AUTORELEASING = YES;
				CLANG_WARN_BOOL_CONVERSION = YES;
				CLANG_WARN_COMMA = YES;
				CLANG_WARN_CONSTANT_CONVERSION = YES;
				CLANG_WARN_DEPRECATED_OBJC_IMPLEMENTATIONS = YES;
				CLANG_WARN_DIRECT_OBJC_ISA_USAGE = YES_ERROR;
				CLANG_WARN_DOCUMENTATION_COMMENTS = YES;
				CLANG_WARN_EMPTY_BODY = YES;
				CLANG_WARN_ENUM_CONVERSION = YES;
				CLANG_WARN_INFINITE_RECURSION = YES;
				CLANG_WARN_INT_CONVERSION = YES;
				CLANG_WARN_NON_LITERAL_NULL_CONVERSION = YES;
				CLANG_WARN_OBJC_IMPLICIT_RETAIN_SELF = YES;
				CLANG_WARN_OBJC_LITERAL_CONVERSION = YES;
				CLANG_WARN_OBJC_ROOT_CLASS = YES_ERROR;
				CLANG_WARN_RANGE_LOOP_ANALYSIS = YES;
				CLANG_WARN_STRICT_PROTOTYPES = YES;
				CLANG_WARN_SUSPICIOUS_MOVE = YES;
				CLANG_WARN_UNGUARDED_AVAILABILITY = YES_AGGRESSIVE;
				CLANG_WARN_UNREACHABLE_CODE = YES;
				CLANG_WARN__DUPLICATE_METHOD_MATCH = YES;
				CODE_SIGN_IDENTITY = "iPhone Developer";
				COPY_PHASE_STRIP = NO;
				DEBUG_INFORMATION_FORMAT = "dwarf-with-dsym";
				ENABLE_NS_ASSERTIONS = NO;
				ENABLE_STRICT_OBJC_MSGSEND = YES;
				GCC_C_LANGUAGE_STANDARD = gnu11;
				GCC_NO_COMMON_BLOCKS = YES;
				GCC_WARN_64_TO_32_BIT_CONVERSION = YES;
				GCC_WARN_ABOUT_RETURN_TYPE = YES_ERROR;
				GCC_WARN_UNDECLARED_SELECTOR = YES;
				GCC_WARN_UNINITIALIZED_AUTOS = YES_AGGRESSIVE;
				GCC_WARN_UNUSED_FUNCTION = YES;
				GCC_WARN_UNUSED_VARIABLE = YES;
				IPHONEOS_DEPLOYMENT_TARGET = 12.0;
				MTL_ENABLE_DEBUG_INFO = NO;
				MTL_FAST_MATH = YES;
				SDKROOT = iphoneos;
				SWIFT_COMPILATION_MODE = wholemodule;
				SWIFT_OPTIMIZATION_LEVEL = "-O";
				VALIDATE_PRODUCT = YES;
			};
			name = Release;
		};
		E167587421880303005DDDD6 /* Debug */ = {
			isa = XCBuildConfiguration;
			buildSettings = {
				ASSETCATALOG_COMPILER_APPICON_NAME = AppIcon;
				CODE_SIGN_STYLE = Automatic;
				INFOPLIST_FILE = SwiftUp/Info.plist;
				LD_GENERATE_MAP_FILE = NO;
				LD_RUNPATH_SEARCH_PATHS = (
					"$(inherited)",
					"@executable_path/Frameworks",
				);
				PRODUCT_BUNDLE_IDENTIFIER = xiaoduhuyu.SwiftUp;
				PRODUCT_NAME = "$(TARGET_NAME)";
				SWIFT_VERSION = 4.2;
				TARGETED_DEVICE_FAMILY = "1,2";
			};
			name = Debug;
		};
		E167587521880303005DDDD6 /* Release */ = {
			isa = XCBuildConfiguration;
			buildSettings = {
				ASSETCATALOG_COMPILER_APPICON_NAME = AppIcon;
				CODE_SIGN_STYLE = Automatic;
				INFOPLIST_FILE = SwiftUp/Info.plist;
				LD_GENERATE_MAP_FILE = NO;
				LD_RUNPATH_SEARCH_PATHS = (
					"$(inherited)",
					"@executable_path/Frameworks",
				);
				PRODUCT_BUNDLE_IDENTIFIER = xiaoduhuyu.SwiftUp;
				PRODUCT_NAME = "$(TARGET_NAME)";
				SWIFT_VERSION = 4.2;
				TARGETED_DEVICE_FAMILY = "1,2";
			};
			name = Release;
		};
/* End XCBuildConfiguration section */

/* Begin XCConfigurationList section */
		E167585C21880301005DDDD6 /* Build configuration list for PBXProject "SwiftUp" */ = {
			isa = XCConfigurationList;
			buildConfigurations = (
				E167587121880303005DDDD6 /* Debug */,
				E167587221880303005DDDD6 /* Release */,
			);
			defaultConfigurationIsVisible = 0;
			defaultConfigurationName = Release;
		};
		E167587321880303005DDDD6 /* Build configuration list for PBXNativeTarget "SwiftUp" */ = {
			isa = XCConfigurationList;
			buildConfigurations = (
				E167587421880303005DDDD6 /* Debug */,
				E167587521880303005DDDD6 /* Release */,
			);
			defaultConfigurationIsVisible = 0;
			defaultConfigurationName = Release;
		};
/* End XCConfigurationList section */
	};
	rootObject = E167585921880301005DDDD6 /* Project object */;
}
